
Microsoft Visual Studio Solution File, Format Version 12.00
# Visual Studio Version 16
VisualStudioVersion = 16.0.30413.136
MinimumVisualStudioVersion = 10.0.40219.1
Project("{FAE04EC0-301F-11D3-BF4B-00C04F79EFBC}") = "webapp2", "webapp2\webapp2.csproj", "{183B26D3-5F27-4566-B405-0CA9C5F54417}"
EndProject
Global
	GlobalSection(SolutionConfigurationPlatforms) = preSolution
		Debug|Any CPU = Debug|Any CPU
		Release|Any CPU = Release|Any CPU
	EndGlobalSection
	GlobalSection(ProjectConfigurationPlatforms) = postSolution
		{183B26D3-5F27-4566-B405-0CA9C5F54417}.Debug|Any CPU.ActiveCfg = Debug|Any CPU
		{183B26D3-5F27-4566-B405-0CA9C5F54417}.Debug|Any CPU.Build.0 = Debug|Any CPU
		{183B26D3-5F27-4566-B405-0CA9C5F54417}.Release|Any CPU.ActiveCfg = Release|Any CPU
		{183B26D3-5F27-4566-B405-0CA9C5F54417}.Release|Any CPU.Build.0 = Release|Any CPU
	EndGlobalSection
	GlobalSection(SolutionProperties) = preSolution
		HideSolutionNode = FALSE
	EndGlobalSection
	GlobalSection(ExtensibilityGlobals) = postSolution
		SolutionGuid = {784A1630-816D-44FD-8BA1-69E5300AD7AD}
	EndGlobalSection
EndGlobal
